# This file is autogenerated, do not edit; changes may be undone by the next 'dep ensure'.


[[projects]]
  branch = "master"
  digest = "1:25e81aad6d05ffb0627ca243d2aa6a850ac81f04a920a39c12e58f5abae790de"
  name = "github.com/CrowdSurge/banner"
  packages = [
    ".",
    "fonts",
  ]
  pruneopts = "UT"
  revision = "8c0e79dc5ff70fb2919f0d662f44fd72ccdf9be2"

[[projects]]
  digest = "1:0f98f59e9a2f4070d66f0c9c39561f68fcd1dc837b22a852d28d0003aebd1b1e"
  name = "github.com/boltdb/bolt"
  packages = ["."]
  pruneopts = "UT"
  revision = "2f1ce7a837dcb8da3ec595b1dac9d0632f0f99e8"
  version = "v1.3.1"

[[projects]]
  branch = "master"
  digest = "1:668e8c66b8895d69391429b0f64a72c35603c94f364c94d4e5fab5053d57a0b6"
  name = "golang.org/x/sys"
  packages = ["unix"]
  pruneopts = "UT"
  revision = "6a60838ec2595395fabc7b2e6c2ae9fb5a87722d"

[solve-meta]
  analyzer-name = "dep"
  analyzer-version = 1
  input-imports = [
    "github.com/CrowdSurge/banner",
    "github.com/boltdb/bolt",
  ]
  solver-name = "gps-cdcl"
  solver-version = 1
